
Microsoft Visual Studio Solution File, Format Version 12.00
# Visual Studio 15
VisualStudioVersion = 15.0.27703.2042
MinimumVisualStudioVersion = 10.0.40219.1
Project("{9A19103F-16F7-4668-BE54-9A1E7A4F7556}") = "Notes", "Notes\Notes.csproj", "{16F9B7CD-0005-4CF4-AC5B-0339B011206A}"
EndProject
Project("{FAE04EC0-301F-11D3-BF4B-00C04F79EFBC}") = "NoteController.Testing", "NoteController.Testing\NoteController.Testing.csproj", "{EEBEABEB-1843-4846-B767-CB713669A46A}"
EndProject
Global
	GlobalSection(SolutionConfigurationPlatforms) = preSolution
		Debug|Any CPU = Debug|Any CPU
		Release|Any CPU = Release|Any CPU
	EndGlobalSection
	GlobalSection(ProjectConfigurationPlatforms) = postSolution
		{16F9B7CD-0005-4CF4-AC5B-0339B011206A}.Debug|Any CPU.ActiveCfg = Debug|Any CPU
		{16F9B7CD-0005-4CF4-AC5B-0339B011206A}.Debug|Any CPU.Build.0 = Debug|Any CPU
		{16F9B7CD-0005-4CF4-AC5B-0339B011206A}.Release|Any CPU.ActiveCfg = Release|Any CPU
		{16F9B7CD-0005-4CF4-AC5B-0339B011206A}.Release|Any CPU.Build.0 = Release|Any CPU
		{EEBEABEB-1843-4846-B767-CB713669A46A}.Debug|Any CPU.ActiveCfg = Debug|Any CPU
		{EEBEABEB-1843-4846-B767-CB713669A46A}.Debug|Any CPU.Build.0 = Debug|Any CPU
		{EEBEABEB-1843-4846-B767-CB713669A46A}.Release|Any CPU.ActiveCfg = Release|Any CPU
		{EEBEABEB-1843-4846-B767-CB713669A46A}.Release|Any CPU.Build.0 = Release|Any CPU
	EndGlobalSection
	GlobalSection(SolutionProperties) = preSolution
		HideSolutionNode = FALSE
	EndGlobalSection
	GlobalSection(ExtensibilityGlobals) = postSolution
		SolutionGuid = {7E9A9CF7-103F-4115-B8D7-1BEFC496DDE5}
	EndGlobalSection
EndGlobal
